
Microsoft Visual Studio Solution File, Format Version 12.00
# Visual Studio 15
Project("{FAE04EC0-301F-11D3-BF4B-00C04F79EFBC}") = "AstarPathfindingProject", "AstarPathfindingProject.csproj", "{C71ADA2F-44BC-1F35-171B-76A3497BECF0}"
EndProject
Project("{FAE04EC0-301F-11D3-BF4B-00C04F79EFBC}") = "Assembly-CSharp", "Assembly-CSharp.csproj", "{2587064C-9DDB-63F5-F499-FC57C83E08FF}"
EndProject
Project("{FAE04EC0-301F-11D3-BF4B-00C04F79EFBC}") = "AstarPathfindingProjectEditor", "AstarPathfindingProjectEditor.csproj", "{A02B9B31-3C44-94D8-D003-97B6C361B954}"
EndProject
Project("{FAE04EC0-301F-11D3-BF4B-00C04F79EFBC}") = "PackageToolsEditor", "PackageToolsEditor.csproj", "{1624CB0C-B294-579D-D197-EFCAB4E2DFBD}"
EndProject
Global
	GlobalSection(SolutionConfigurationPlatforms) = preSolution
		Debug|Any CPU = Debug|Any CPU
		Release|Any CPU = Release|Any CPU
	EndGlobalSection
	GlobalSection(ProjectConfigurationPlatforms) = postSolution
		{C71ADA2F-44BC-1F35-171B-76A3497BECF0}.Debug|Any CPU.ActiveCfg = Debug|Any CPU
		{C71ADA2F-44BC-1F35-171B-76A3497BECF0}.Debug|Any CPU.Build.0 = Debug|Any CPU
		{C71ADA2F-44BC-1F35-171B-76A3497BECF0}.Release|Any CPU.ActiveCfg = Release|Any CPU
		{C71ADA2F-44BC-1F35-171B-76A3497BECF0}.Release|Any CPU.Build.0 = Release|Any CPU
		{2587064C-9DDB-63F5-F499-FC57C83E08FF}.Debug|Any CPU.ActiveCfg = Debug|Any CPU
		{2587064C-9DDB-63F5-F499-FC57C83E08FF}.Debug|Any CPU.Build.0 = Debug|Any CPU
		{2587064C-9DDB-63F5-F499-FC57C83E08FF}.Release|Any CPU.ActiveCfg = Release|Any CPU
		{2587064C-9DDB-63F5-F499-FC57C83E08FF}.Release|Any CPU.Build.0 = Release|Any CPU
		{A02B9B31-3C44-94D8-D003-97B6C361B954}.Debug|Any CPU.ActiveCfg = Debug|Any CPU
		{A02B9B31-3C44-94D8-D003-97B6C361B954}.Debug|Any CPU.Build.0 = Debug|Any CPU
		{A02B9B31-3C44-94D8-D003-97B6C361B954}.Release|Any CPU.ActiveCfg = Release|Any CPU
		{A02B9B31-3C44-94D8-D003-97B6C361B954}.Release|Any CPU.Build.0 = Release|Any CPU
		{1624CB0C-B294-579D-D197-EFCAB4E2DFBD}.Debug|Any CPU.ActiveCfg = Debug|Any CPU
		{1624CB0C-B294-579D-D197-EFCAB4E2DFBD}.Debug|Any CPU.Build.0 = Debug|Any CPU
		{1624CB0C-B294-579D-D197-EFCAB4E2DFBD}.Release|Any CPU.ActiveCfg = Release|Any CPU
		{1624CB0C-B294-579D-D197-EFCAB4E2DFBD}.Release|Any CPU.Build.0 = Release|Any CPU
	EndGlobalSection
	GlobalSection(SolutionProperties) = preSolution
		HideSolutionNode = FALSE
	EndGlobalSection
EndGlobal
